
Microsoft Visual Studio Solution File, Format Version 12.00
# Visual Studio Version 17
VisualStudioVersion = 17.4.33205.214
MinimumVisualStudioVersion = 10.0.40219.1
Project("{F184B08F-C81C-45F6-A57F-5ABD9991F28F}") = "MB8X_LogoEditor", "MB8X_LogoEditor.vbproj", "{C2A7F1E1-C57A-4F40-AEFB-12854BB97BA6}"
EndProject
Global
	GlobalSection(SolutionConfigurationPlatforms) = preSolution
		Debug|Any CPU = Debug|Any CPU
		Release|Any CPU = Release|Any CPU
	EndGlobalSection
	GlobalSection(ProjectConfigurationPlatforms) = postSolution
		{C2A7F1E1-C57A-4F40-AEFB-12854BB97BA6}.Debug|Any CPU.ActiveCfg = Debug|Any CPU
		{C2A7F1E1-C57A-4F40-AEFB-12854BB97BA6}.Debug|Any CPU.Build.0 = Debug|Any CPU
		{C2A7F1E1-C57A-4F40-AEFB-12854BB97BA6}.Release|Any CPU.ActiveCfg = Release|Any CPU
		{C2A7F1E1-C57A-4F40-AEFB-12854BB97BA6}.Release|Any CPU.Build.0 = Release|Any CPU
	EndGlobalSection
	GlobalSection(SolutionProperties) = preSolution
		HideSolutionNode = FALSE
	EndGlobalSection
	GlobalSection(ExtensibilityGlobals) = postSolution
		SolutionGuid = {5E5EBE68-A72F-4CDE-9457-97E23E4C55F9}
	EndGlobalSection
EndGlobal
